
Microsoft Visual Studio Solution File, Format Version 12.00
# Visual Studio 15
VisualStudioVersion = 15.0.28010.2016
MinimumVisualStudioVersion = 10.0.40219.1
Project("{8BC9CEB8-8B4A-11D0-8D11-00A0C91BC942}") = "GroveLightSensor", "GroveLightSensor\GroveLightSensor.vcxproj", "{B36B85F7-18EA-4E87-B41A-404F6F78DA1F}"
EndProject
Project("{8BC9CEB8-8B4A-11D0-8D11-00A0C91BC942}") = "MT3620_Grove_Shield_Library", "..\..\MT3620_Grove_Shield_Library\MT3620_Grove_Shield_Library.vcxproj", "{A4F0A16D-B28D-4249-9B0A-EEEC5090F21D}"
EndProject
Global
	GlobalSection(SolutionConfigurationPlatforms) = preSolution
		Debug|ARM = Debug|ARM
		Release|ARM = Release|ARM
	EndGlobalSection
	GlobalSection(ProjectConfigurationPlatforms) = postSolution
		{B36B85F7-18EA-4E87-B41A-404F6F78DA1F}.Debug|ARM.ActiveCfg = Debug|ARM
		{B36B85F7-18EA-4E87-B41A-404F6F78DA1F}.Debug|ARM.Build.0 = Debug|ARM
		{B36B85F7-18EA-4E87-B41A-404F6F78DA1F}.Release|ARM.ActiveCfg = Release|ARM
		{B36B85F7-18EA-4E87-B41A-404F6F78DA1F}.Release|ARM.Build.0 = Release|ARM
		{A4F0A16D-B28D-4249-9B0A-EEEC5090F21D}.Debug|ARM.ActiveCfg = Debug|ARM
		{A4F0A16D-B28D-4249-9B0A-EEEC5090F21D}.Debug|ARM.Build.0 = Debug|ARM
		{A4F0A16D-B28D-4249-9B0A-EEEC5090F21D}.Release|ARM.ActiveCfg = Release|ARM
		{A4F0A16D-B28D-4249-9B0A-EEEC5090F21D}.Release|ARM.Build.0 = Release|ARM
	EndGlobalSection
	GlobalSection(SolutionProperties) = preSolution
		HideSolutionNode = FALSE
	EndGlobalSection
	GlobalSection(ExtensibilityGlobals) = postSolution
		SolutionGuid = {5640A944-3D67-4FDD-9E53-104DAD7739E7}
	EndGlobalSection
EndGlobal
